
Microsoft Visual Studio Solution File, Format Version 12.00
# Visual Studio Version 16
VisualStudioVersion = 16.0.30011.22
MinimumVisualStudioVersion = 10.0.40219.1
Project("{FAE04EC0-301F-11D3-BF4B-00C04F79EFBC}") = "ElectroTable", "ElectroTable.csproj", "{D809109D-B8EA-4224-9B15-DEE44002A905}"
EndProject
Global
	GlobalSection(SolutionConfigurationPlatforms) = preSolution
		Debug|Any CPU = Debug|Any CPU
		Release|Any CPU = Release|Any CPU
	EndGlobalSection
	GlobalSection(ProjectConfigurationPlatforms) = postSolution
		{D809109D-B8EA-4224-9B15-DEE44002A905}.Debug|Any CPU.ActiveCfg = Debug|Any CPU
		{D809109D-B8EA-4224-9B15-DEE44002A905}.Debug|Any CPU.Build.0 = Debug|Any CPU
		{D809109D-B8EA-4224-9B15-DEE44002A905}.Release|Any CPU.ActiveCfg = Release|Any CPU
		{D809109D-B8EA-4224-9B15-DEE44002A905}.Release|Any CPU.Build.0 = Release|Any CPU
	EndGlobalSection
	GlobalSection(SolutionProperties) = preSolution
		HideSolutionNode = FALSE
	EndGlobalSection
	GlobalSection(ExtensibilityGlobals) = postSolution
		SolutionGuid = {1E2A5A76-A374-402B-ACD2-0A482464AED8}
	EndGlobalSection
EndGlobal
